
Microsoft Visual Studio Solution File, Format Version 12.00
# Visual Studio Version 17
VisualStudioVersion = 17.3.32922.545
MinimumVisualStudioVersion = 10.0.40219.1
Project("{FAE04EC0-301F-11D3-BF4B-00C04F79EFBC}") = "SymmetriskKrypteringOpg", "SymmetriskKrypteringOpg.csproj", "{97CF550E-D93F-486F-9E1A-804FCFE06A24}"
EndProject
Global
	GlobalSection(SolutionConfigurationPlatforms) = preSolution
		Debug|Any CPU = Debug|Any CPU
		Release|Any CPU = Release|Any CPU
	EndGlobalSection
	GlobalSection(ProjectConfigurationPlatforms) = postSolution
		{97CF550E-D93F-486F-9E1A-804FCFE06A24}.Debug|Any CPU.ActiveCfg = Debug|Any CPU
		{97CF550E-D93F-486F-9E1A-804FCFE06A24}.Debug|Any CPU.Build.0 = Debug|Any CPU
		{97CF550E-D93F-486F-9E1A-804FCFE06A24}.Release|Any CPU.ActiveCfg = Release|Any CPU
		{97CF550E-D93F-486F-9E1A-804FCFE06A24}.Release|Any CPU.Build.0 = Release|Any CPU
	EndGlobalSection
	GlobalSection(SolutionProperties) = preSolution
		HideSolutionNode = FALSE
	EndGlobalSection
	GlobalSection(ExtensibilityGlobals) = postSolution
		SolutionGuid = {3E23393E-4A20-469C-8AA3-E2563835A745}
	EndGlobalSection
EndGlobal
